
Microsoft Visual Studio Solution File, Format Version 12.00
# Visual Studio Version 16
VisualStudioVersion = 16.0.30128.12
MinimumVisualStudioVersion = 15.0.26124.0
Project("{9A19103F-16F7-4668-BE54-9A1E7A4F7556}") = "Wow.API", "Wow.API\Wow.API.csproj", "{070896A5-4B28-4F6C-B78C-63494CA76ACC}"
EndProject
Project("{9A19103F-16F7-4668-BE54-9A1E7A4F7556}") = "Wow.Business", "Wow.Business\Wow.Business.csproj", "{131E1972-4682-4475-8A7E-FFFBA9D7543C}"
EndProject
Project("{E53339B2-1760-4266-BCC7-CA923CBCF16C}") = "docker-compose", "docker-compose.dcproj", "{63BD85D1-F91D-42F2-BBFF-594EB2EA5EB9}"
EndProject
Global
	GlobalSection(SolutionConfigurationPlatforms) = preSolution
		Debug|Any CPU = Debug|Any CPU
		Debug|x64 = Debug|x64
		Debug|x86 = Debug|x86
		Release|Any CPU = Release|Any CPU
		Release|x64 = Release|x64
		Release|x86 = Release|x86
	EndGlobalSection
	GlobalSection(ProjectConfigurationPlatforms) = postSolution
		{070896A5-4B28-4F6C-B78C-63494CA76ACC}.Debug|Any CPU.ActiveCfg = Debug|Any CPU
		{070896A5-4B28-4F6C-B78C-63494CA76ACC}.Debug|Any CPU.Build.0 = Debug|Any CPU
		{070896A5-4B28-4F6C-B78C-63494CA76ACC}.Debug|x64.ActiveCfg = Debug|Any CPU
		{070896A5-4B28-4F6C-B78C-63494CA76ACC}.Debug|x64.Build.0 = Debug|Any CPU
		{070896A5-4B28-4F6C-B78C-63494CA76ACC}.Debug|x86.ActiveCfg = Debug|Any CPU
		{070896A5-4B28-4F6C-B78C-63494CA76ACC}.Debug|x86.Build.0 = Debug|Any CPU
		{070896A5-4B28-4F6C-B78C-63494CA76ACC}.Release|Any CPU.ActiveCfg = Release|Any CPU
		{070896A5-4B28-4F6C-B78C-63494CA76ACC}.Release|Any CPU.Build.0 = Release|Any CPU
		{070896A5-4B28-4F6C-B78C-63494CA76ACC}.Release|x64.ActiveCfg = Release|Any CPU
		{070896A5-4B28-4F6C-B78C-63494CA76ACC}.Release|x64.Build.0 = Release|Any CPU
		{070896A5-4B28-4F6C-B78C-63494CA76ACC}.Release|x86.ActiveCfg = Release|Any CPU
		{070896A5-4B28-4F6C-B78C-63494CA76ACC}.Release|x86.Build.0 = Release|Any CPU
		{131E1972-4682-4475-8A7E-FFFBA9D7543C}.Debug|Any CPU.ActiveCfg = Debug|Any CPU
		{131E1972-4682-4475-8A7E-FFFBA9D7543C}.Debug|Any CPU.Build.0 = Debug|Any CPU
		{131E1972-4682-4475-8A7E-FFFBA9D7543C}.Debug|x64.ActiveCfg = Debug|Any CPU
		{131E1972-4682-4475-8A7E-FFFBA9D7543C}.Debug|x64.Build.0 = Debug|Any CPU
		{131E1972-4682-4475-8A7E-FFFBA9D7543C}.Debug|x86.ActiveCfg = Debug|Any CPU
		{131E1972-4682-4475-8A7E-FFFBA9D7543C}.Debug|x86.Build.0 = Debug|Any CPU
		{131E1972-4682-4475-8A7E-FFFBA9D7543C}.Release|Any CPU.ActiveCfg = Release|Any CPU
		{131E1972-4682-4475-8A7E-FFFBA9D7543C}.Release|Any CPU.Build.0 = Release|Any CPU
		{131E1972-4682-4475-8A7E-FFFBA9D7543C}.Release|x64.ActiveCfg = Release|Any CPU
		{131E1972-4682-4475-8A7E-FFFBA9D7543C}.Release|x64.Build.0 = Release|Any CPU
		{131E1972-4682-4475-8A7E-FFFBA9D7543C}.Release|x86.ActiveCfg = Release|Any CPU
		{131E1972-4682-4475-8A7E-FFFBA9D7543C}.Release|x86.Build.0 = Release|Any CPU
		{63BD85D1-F91D-42F2-BBFF-594EB2EA5EB9}.Debug|Any CPU.ActiveCfg = Debug|Any CPU
		{63BD85D1-F91D-42F2-BBFF-594EB2EA5EB9}.Debug|Any CPU.Build.0 = Debug|Any CPU
		{63BD85D1-F91D-42F2-BBFF-594EB2EA5EB9}.Debug|x64.ActiveCfg = Debug|Any CPU
		{63BD85D1-F91D-42F2-BBFF-594EB2EA5EB9}.Debug|x64.Build.0 = Debug|Any CPU
		{63BD85D1-F91D-42F2-BBFF-594EB2EA5EB9}.Debug|x86.ActiveCfg = Debug|Any CPU
		{63BD85D1-F91D-42F2-BBFF-594EB2EA5EB9}.Debug|x86.Build.0 = Debug|Any CPU
		{63BD85D1-F91D-42F2-BBFF-594EB2EA5EB9}.Release|Any CPU.ActiveCfg = Release|Any CPU
		{63BD85D1-F91D-42F2-BBFF-594EB2EA5EB9}.Release|Any CPU.Build.0 = Release|Any CPU
		{63BD85D1-F91D-42F2-BBFF-594EB2EA5EB9}.Release|x64.ActiveCfg = Release|Any CPU
		{63BD85D1-F91D-42F2-BBFF-594EB2EA5EB9}.Release|x64.Build.0 = Release|Any CPU
		{63BD85D1-F91D-42F2-BBFF-594EB2EA5EB9}.Release|x86.ActiveCfg = Release|Any CPU
		{63BD85D1-F91D-42F2-BBFF-594EB2EA5EB9}.Release|x86.Build.0 = Release|Any CPU
	EndGlobalSection
	GlobalSection(SolutionProperties) = preSolution
		HideSolutionNode = FALSE
	EndGlobalSection
	GlobalSection(ExtensibilityGlobals) = postSolution
		SolutionGuid = {D751B9AF-8219-4BAB-BD14-C14731A4CA72}
	EndGlobalSection
EndGlobal
